{
  "name": "test",
  "version": "0.1.0",
  "lockfileVersion": 1,
  "requires": true,
  "dependencies": {
    "react-star-ratings": {
      "version": "1.0.20",
      "resolved": "https://registry.npmjs.org/react-star-ratings/-/react-star-ratings-1.0.20.tgz",
      "integrity": "sha1-NLXTYgOTQjTTbJS58E6Ruf6lyRM="
    }
  }
}
